
Microsoft Visual Studio Solution File, Format Version 11.00
# Visual Studio 2010
Project("{FAE04EC0-301F-11D3-BF4B-00C04F79EFBC}") = "Mapdoodle", "Minis Map Maker\Mapdoodle.csproj", "{869B8AA2-C5E7-4C2F-8FE7-9F0724C61C49}"
EndProject
Global
	GlobalSection(SolutionConfigurationPlatforms) = preSolution
		Debug|Any CPU = Debug|Any CPU
		Release|Any CPU = Release|Any CPU
	EndGlobalSection
	GlobalSection(ProjectConfigurationPlatforms) = postSolution
		{869B8AA2-C5E7-4C2F-8FE7-9F0724C61C49}.Debug|Any CPU.ActiveCfg = Debug|Any CPU
		{869B8AA2-C5E7-4C2F-8FE7-9F0724C61C49}.Debug|Any CPU.Build.0 = Debug|Any CPU
		{869B8AA2-C5E7-4C2F-8FE7-9F0724C61C49}.Release|Any CPU.ActiveCfg = Release|Any CPU
		{869B8AA2-C5E7-4C2F-8FE7-9F0724C61C49}.Release|Any CPU.Build.0 = Release|Any CPU
	EndGlobalSection
	GlobalSection(SolutionProperties) = preSolution
		HideSolutionNode = FALSE
	EndGlobalSection
EndGlobal
